<?xml version="1.0" encoding="utf-8"?>
<Project ToolsVersion="4.0" xmlns="http://schemas.microsoft.com/developer/msbuild/2003">
  <ItemGroup>
    <Filter Include="Source Files">
      <UniqueIdentifier>{4FC737F1-C7A5-4376-A066-2A32D752A2FF}</UniqueIdentifier>
      <Extensions>cpp;c;cc;cxx;c++;cppm;ixx;def;odl;idl;hpj;bat;asm;asmx</Extensions>
    </Filter>
    <Filter Include="Header Files">
      <UniqueIdentifier>{93995380-89BD-4b04-88EB-625FBE52EBFB}</UniqueIdentifier>
      <Extensions>h;hh;hpp;hxx;h++;hm;inl;inc;ipp;xsd</Extensions>
    </Filter>
    <Filter Include="Resource Files">
      <UniqueIdentifier>{67DA6AB6-F800-4c08-8B7A-83BB121AAD01}</UniqueIdentifier>
      <Extensions>rc;ico;cur;bmp;dlg;rc2;rct;bin;rgs;gif;jpg;jpeg;jpe;resx;tiff;tif;png;wav;mfcribbon-ms</Extensions>
    </Filter>
  </ItemGroup>
  <ItemGroup>
    <ClInclude Include="core\Application.h">
      <Filter>Header Files</Filter>
    </ClInclude>
    <ClInclude Include="dependencies\glad\include\glad\glad.h">
      <Filter>Header Files</Filter>
    </ClInclude>
    <ClInclude Include="dependencies\glad\include\KHR\khrplatform.h">
      <Filter>Header Files</Filter>
    </ClInclude>
    <ClInclude Include="dependencies\glfw\include\GLFW\glfw3.h">
      <Filter>Header Files</Filter>
    </ClInclude>
    <ClInclude Include="dependencies\glfw\include\GLFW\glfw3native.h">
      <Filter>Header Files</Filter>
    </ClInclude>
    <ClInclude Include="scene\Scene.h">
      <Filter>Header Files</Filter>
    </ClInclude>
    <ClInclude Include="scene\Levels\CubeLevel.h">
      <Filter>Header Files</Filter>
    </ClInclude>
    <ClInclude Include="shaders\Shader.h">
      <Filter>Header Files</Filter>
    </ClInclude>
    <ClInclude Include="dependencies\stb\stb_image.h">
      <Filter>Header Files</Filter>
    </ClInclude>
    <ClInclude Include="scene\Levels\TriangleLevel.h">
      <Filter>Header Files</Filter>
    </ClInclude>
    <ClInclude Include="scene\Camera.h">
      <Filter>Header Files</Filter>
    </ClInclude>
    <ClInclude Include="core\Input.h">
      <Filter>Header Files</Filter>
    </ClInclude>
    <ClInclude Include="core\KeyCodes.h">
      <Filter>Header Files</Filter>
    </ClInclude>
    <ClInclude Include="core\MouseCodes.h">
      <Filter>Header Files</Filter>
    </ClInclude>
    <ClInclude Include="scene\Levels\BasicLightingLevel.h">
      <Filter>Header Files</Filter>
    </ClInclude>
    <ClInclude Include="shaders\Lights\PointLight.h">
      <Filter>Header Files</Filter>
    </ClInclude>
    <ClInclude Include="shaders\Lights\DirectionalLight.h">
      <Filter>Header Files</Filter>
    </ClInclude>
    <ClInclude Include="shaders\Lights\SpotLight.h">
      <Filter>Header Files</Filter>
    </ClInclude>
    <ClInclude Include="scene\Levels\MaterialLightingLevel.h">
      <Filter>Header Files</Filter>
    </ClInclude>
    <ClInclude Include="textures\Texture.h">
      <Filter>Header Files</Filter>
    </ClInclude>
    <ClInclude Include="shaders\Material.h">
      <Filter>Header Files</Filter>
    </ClInclude>
    <ClInclude Include="scene\Levels\DirectionalLightLevel.h">
      <Filter>Header Files</Filter>
    </ClInclude>
    <ClInclude Include="scene\Levels\LightRotationLevel.h">
      <Filter>Header Files</Filter>
    </ClInclude>
    <ClInclude Include="modelLoader\Mesh.h">
      <Filter>Header Files</Filter>
    </ClInclude>
    <ClInclude Include="modelLoader\OBJLoader.h">
      <Filter>Header Files</Filter>
    </ClInclude>
    <ClInclude Include="modelLoader\utils.h">
      <Filter>Header Files</Filter>
    </ClInclude>
    <ClInclude Include="scene\Levels\MeshLoadingLevel.h">
      <Filter>Header Files</Filter>
    </ClInclude>
    <ClInclude Include="modelLoader\Model.h">
      <Filter>Header Files</Filter>
    </ClInclude>
    <ClInclude Include="dependencies\assimp\include\assimp\Compiler\poppack1.h">
      <Filter>Header Files</Filter>
    </ClInclude>
    <ClInclude Include="dependencies\assimp\include\assimp\Compiler\pstdint.h">
      <Filter>Header Files</Filter>
    </ClInclude>
    <ClInclude Include="dependencies\assimp\include\assimp\Compiler\pushpack1.h">
      <Filter>Header Files</Filter>
    </ClInclude>
    <ClInclude Include="dependencies\assimp\include\assimp\port\AndroidJNI\AndroidJNIIOSystem.h">
      <Filter>Header Files</Filter>
    </ClInclude>
    <ClInclude Include="dependencies\assimp\include\assimp\ai_assert.h">
      <Filter>Header Files</Filter>
    </ClInclude>
    <ClInclude Include="dependencies\assimp\include\assimp\anim.h">
      <Filter>Header Files</Filter>
    </ClInclude>
    <ClInclude Include="dependencies\assimp\include\assimp\camera.h">
      <Filter>Header Files</Filter>
    </ClInclude>
    <ClInclude Include="dependencies\assimp\include\assimp\cexport.h">
      <Filter>Header Files</Filter>
    </ClInclude>
    <ClInclude Include="dependencies\assimp\include\assimp\cfileio.h">
      <Filter>Header Files</Filter>
    </ClInclude>
    <ClInclude Include="dependencies\assimp\include\assimp\cimport.h">
      <Filter>Header Files</Filter>
    </ClInclude>
    <ClInclude Include="dependencies\assimp\include\assimp\color4.h">
      <Filter>Header Files</Filter>
    </ClInclude>
    <ClInclude Include="dependencies\assimp\include\assimp\config.h">
      <Filter>Header Files</Filter>
    </ClInclude>
    <ClInclude Include="dependencies\assimp\include\assimp\DefaultLogger.hpp">
      <Filter>Header Files</Filter>
    </ClInclude>
    <ClInclude Include="dependencies\assimp\include\assimp\defs.h">
      <Filter>Header Files</Filter>
    </ClInclude>
    <ClInclude Include="dependencies\assimp\include\assimp\Exporter.hpp">
      <Filter>Header Files</Filter>
    </ClInclude>
    <ClInclude Include="dependencies\assimp\include\assimp\Importer.hpp">
      <Filter>Header Files</Filter>
    </ClInclude>
    <ClInclude Include="dependencies\assimp\include\assimp\importerdesc.h">
      <Filter>Header Files</Filter>
    </ClInclude>
    <ClInclude Include="dependencies\assimp\include\assimp\IOStream.hpp">
      <Filter>Header Files</Filter>
    </ClInclude>
    <ClInclude Include="dependencies\assimp\include\assimp\IOSystem.hpp">
      <Filter>Header Files</Filter>
    </ClInclude>
    <ClInclude Include="dependencies\assimp\include\assimp\light.h">
      <Filter>Header Files</Filter>
    </ClInclude>
    <ClInclude Include="dependencies\assimp\include\assimp\Logger.hpp">
      <Filter>Header Files</Filter>
    </ClInclude>
    <ClInclude Include="dependencies\assimp\include\assimp\LogStream.hpp">
      <Filter>Header Files</Filter>
    </ClInclude>
    <ClInclude Include="dependencies\assimp\include\assimp\material.h">
      <Filter>Header Files</Filter>
    </ClInclude>
    <ClInclude Include="dependencies\assimp\include\assimp\matrix3x3.h">
      <Filter>Header Files</Filter>
    </ClInclude>
    <ClInclude Include="dependencies\assimp\include\assimp\matrix4x4.h">
      <Filter>Header Files</Filter>
    </ClInclude>
    <ClInclude Include="dependencies\assimp\include\assimp\mesh.h">
      <Filter>Header Files</Filter>
    </ClInclude>
    <ClInclude Include="dependencies\assimp\include\assimp\metadata.h">
      <Filter>Header Files</Filter>
    </ClInclude>
    <ClInclude Include="dependencies\assimp\include\assimp\NullLogger.hpp">
      <Filter>Header Files</Filter>
    </ClInclude>
    <ClInclude Include="dependencies\assimp\include\assimp\postprocess.h">
      <Filter>Header Files</Filter>
    </ClInclude>
    <ClInclude Include="dependencies\assimp\include\assimp\ProgressHandler.hpp">
      <Filter>Header Files</Filter>
    </ClInclude>
    <ClInclude Include="dependencies\assimp\include\assimp\quaternion.h">
      <Filter>Header Files</Filter>
    </ClInclude>
    <ClInclude Include="dependencies\assimp\include\assimp\scene.h">
      <Filter>Header Files</Filter>
    </ClInclude>
    <ClInclude Include="dependencies\assimp\include\assimp\texture.h">
      <Filter>Header Files</Filter>
    </ClInclude>
    <ClInclude Include="dependencies\assimp\include\assimp\types.h">
      <Filter>Header Files</Filter>
    </ClInclude>
    <ClInclude Include="dependencies\assimp\include\assimp\vector2.h">
      <Filter>Header Files</Filter>
    </ClInclude>
    <ClInclude Include="dependencies\assimp\include\assimp\vector3.h">
      <Filter>Header Files</Filter>
    </ClInclude>
    <ClInclude Include="dependencies\assimp\include\assimp\version.h">
      <Filter>Header Files</Filter>
    </ClInclude>
    <ClInclude Include="scene\scene_management\Plane.h">
      <Filter>Header Files</Filter>
    </ClInclude>
    <ClInclude Include="scene\scene_management\bounding_volumes\SphereBV.h">
      <Filter>Header Files</Filter>
    </ClInclude>
    <ClInclude Include="scene\scene_management\bounding_volumes\AABB.h">
      <Filter>Header Files</Filter>
    </ClInclude>
    <ClInclude Include="Transform.h">
      <Filter>Header Files</Filter>
    </ClInclude>
    <ClInclude Include="scene\Levels\lighting_levels\SpotLightLevel.h">
      <Filter>Header Files</Filter>
    </ClInclude>
    <ClInclude Include="scene\Levels\lighting_levels\SoftSpotLight.h">
      <Filter>Header Files</Filter>
    </ClInclude>
    <ClInclude Include="scene\Levels\lighting_levels\MultipleLightsLevel.h">
      <Filter>Header Files</Filter>
    </ClInclude>
  </ItemGroup>
  <ItemGroup>
    <ClCompile Include="dependencies\glad\src\glad.c">
      <Filter>Source Files</Filter>
    </ClCompile>
    <ClCompile Include="Source.cpp">
      <Filter>Source Files</Filter>
    </ClCompile>
    <ClCompile Include="scene\Levels\CubeLevel.cpp">
      <Filter>Source Files</Filter>
    </ClCompile>
    <ClCompile Include="shaders\Shader.cpp">
      <Filter>Source Files</Filter>
    </ClCompile>
    <ClCompile Include="dependencies\stb\stb_image.cpp">
      <Filter>Source Files</Filter>
    </ClCompile>
    <ClCompile Include="scene\Levels\TriangleLevel.cpp">
      <Filter>Source Files</Filter>
    </ClCompile>
    <ClCompile Include="core\Input.cpp">
      <Filter>Source Files</Filter>
    </ClCompile>
    <ClCompile Include="scene\Levels\BasicLightingLevel.cpp">
      <Filter>Source Files</Filter>
    </ClCompile>
    <ClCompile Include="scene\Levels\MaterialLightingLevel.cpp">
      <Filter>Source Files</Filter>
    </ClCompile>
    <ClCompile Include="textures\Texture.cpp">
      <Filter>Source Files</Filter>
    </ClCompile>
    <ClCompile Include="scene\Levels\DirectionalLightLevel.cpp">
      <Filter>Source Files</Filter>
    </ClCompile>
    <ClCompile Include="scene\Levels\LightRotationLevel.cpp">
      <Filter>Source Files</Filter>
    </ClCompile>
    <ClCompile Include="modelLoader\Mesh.cpp">
      <Filter>Source Files</Filter>
    </ClCompile>
    <ClCompile Include="scene\Levels\MeshLoadingLevel.cpp">
      <Filter>Source Files</Filter>
    </ClCompile>
    <ClCompile Include="modelLoader\Model.cpp">
      <Filter>Source Files</Filter>
    </ClCompile>
    <ClCompile Include="Transform.cpp">
      <Filter>Source Files</Filter>
    </ClCompile>
    <ClCompile Include="scene\Levels\lighting_levels\SpotLightLevel.cpp">
      <Filter>Source Files</Filter>
    </ClCompile>
    <ClCompile Include="scene\Levels\lighting_levels\SoftSpotLight.cpp">
      <Filter>Source Files</Filter>
    </ClCompile>
    <ClCompile Include="scene\Levels\lighting_levels\MultipleLightsLevel.cpp">
      <Filter>Source Files</Filter>
    </ClCompile>
  </ItemGroup>
  <ItemGroup>
    <Image Include="assets\textures\awesomeface.png">
      <Filter>Resource Files</Filter>
    </Image>
    <Image Include="assets\textures\background.jpg">
      <Filter>Resource Files</Filter>
    </Image>
    <Image Include="assets\textures\block.png">
      <Filter>Resource Files</Filter>
    </Image>
    <Image Include="assets\textures\block_solid.png">
      <Filter>Resource Files</Filter>
    </Image>
    <Image Include="assets\textures\bricks2.jpg">
      <Filter>Resource Files</Filter>
    </Image>
    <Image Include="assets\textures\bricks2_disp.jpg">
      <Filter>Resource Files</Filter>
    </Image>
    <Image Include="assets\textures\bricks2_normal.jpg">
      <Filter>Resource Files</Filter>
    </Image>
    <Image Include="assets\textures\brickwall.jpg">
      <Filter>Resource Files</Filter>
    </Image>
    <Image Include="assets\textures\brickwall_normal.jpg">
      <Filter>Resource Files</Filter>
    </Image>
    <Image Include="assets\textures\container.jpg">
      <Filter>Resource Files</Filter>
    </Image>
    <Image Include="assets\textures\container2.png">
      <Filter>Resource Files</Filter>
    </Image>
    <Image Include="assets\textures\container2_specular.png">
      <Filter>Resource Files</Filter>
    </Image>
    <Image Include="assets\textures\container2_specular_colored.png">
      <Filter>Resource Files</Filter>
    </Image>
    <Image Include="assets\textures\grass.png">
      <Filter>Resource Files</Filter>
    </Image>
    <Image Include="assets\textures\marble.jpg">
      <Filter>Resource Files</Filter>
    </Image>
    <Image Include="assets\textures\matrix.jpg">
      <Filter>Resource Files</Filter>
    </Image>
    <Image Include="assets\textures\metal.png">
      <Filter>Resource Files</Filter>
    </Image>
    <Image Include="assets\textures\paddle.png">
      <Filter>Resource Files</Filter>
    </Image>
    <Image Include="assets\textures\particle.png">
      <Filter>Resource Files</Filter>
    </Image>
    <Image Include="assets\textures\powerup_chaos.png">
      <Filter>Resource Files</Filter>
    </Image>
    <Image Include="assets\textures\powerup_confuse.png">
      <Filter>Resource Files</Filter>
    </Image>
    <Image Include="assets\textures\powerup_increase.png">
      <Filter>Resource Files</Filter>
    </Image>
    <Image Include="assets\textures\powerup_passthrough.png">
      <Filter>Resource Files</Filter>
    </Image>
    <Image Include="assets\textures\powerup_speed.png">
      <Filter>Resource Files</Filter>
    </Image>
    <Image Include="assets\textures\powerup_sticky.png">
      <Filter>Resource Files</Filter>
    </Image>
    <Image Include="assets\textures\toy_box_diffuse.png">
      <Filter>Resource Files</Filter>
    </Image>
    <Image Include="assets\textures\toy_box_disp.png">
      <Filter>Resource Files</Filter>
    </Image>
    <Image Include="assets\textures\toy_box_normal.png">
      <Filter>Resource Files</Filter>
    </Image>
    <Image Include="assets\textures\window.png">
      <Filter>Resource Files</Filter>
    </Image>
    <Image Include="assets\textures\wood.png">
      <Filter>Resource Files</Filter>
    </Image>
  </ItemGroup>
  <ItemGroup>
    <Library Include="dependencies\glfw\src\glfw3.lib" />
    <Library Include="dependencies\assimp\lib\assimp-vc140-mt.lib" />
  </ItemGroup>
  <ItemGroup>
    <None Include="dependencies\glfw\src\glfw3.pdb" />
    <None Include=".gitignore" />
    <None Include="shaders\codes\basic.vert" />
    <None Include="shaders\codes\basic.frag" />
    <None Include="shaders\codes\ADS.vert" />
    <None Include="shaders\codes\ADS.frag" />
    <None Include="shaders\codes\pointlight_ADS.frag" />
    <None Include="shaders\codes\dirlight_ADS.frag" />
    <None Include="shaders\codes\spotlight_ADS.frag" />
    <None Include="dependencies\assimp\include\assimp\color4.inl">
      <Filter>Header Files</Filter>
    </None>
    <None Include="dependencies\assimp\include\assimp\material.inl">
      <Filter>Header Files</Filter>
    </None>
    <None Include="dependencies\assimp\include\assimp\matrix3x3.inl">
      <Filter>Header Files</Filter>
    </None>
    <None Include="dependencies\assimp\include\assimp\matrix4x4.inl">
      <Filter>Header Files</Filter>
    </None>
    <None Include="dependencies\assimp\include\assimp\quaternion.inl">
      <Filter>Header Files</Filter>
    </None>
    <None Include="dependencies\assimp\include\assimp\vector2.inl">
      <Filter>Header Files</Filter>
    </None>
    <None Include="dependencies\assimp\include\assimp\vector3.inl">
      <Filter>Header Files</Filter>
    </None>
    <None Include="dependencies\assimp\lib\assimp-vc140-mt.dll" />
    <None Include="dependencies\assimp\lib\assimp-vc140-mt.exp" />
    <None Include="dependencies\assimp\lib\assimp-vc140-mt.pdb" />
    <None Include="shaders\codes\spotlight_soft_ADS.frag" />
    <None Include="shaders\codes\multiple_lights_ADS.frag" />
  </ItemGroup>
  <ItemGroup>
    <Text Include="extras.txt" />
  </ItemGroup>
</Project>